
Microsoft Visual Studio Solution File, Format Version 12.00
# Visual Studio Version 16
VisualStudioVersion = 16.0.34601.136
MinimumVisualStudioVersion = 10.0.40219.1
Project("{FAE04EC0-301F-11D3-BF4B-00C04F79EFBC}") = "Miniproject_EF", "Miniproject_EF\Miniproject_EF.csproj", "{C7CD68A6-303C-4290-B261-66C2470FE2AA}"
EndProject
Global
	GlobalSection(SolutionConfigurationPlatforms) = preSolution
		Debug|Any CPU = Debug|Any CPU
		Release|Any CPU = Release|Any CPU
	EndGlobalSection
	GlobalSection(ProjectConfigurationPlatforms) = postSolution
		{C7CD68A6-303C-4290-B261-66C2470FE2AA}.Debug|Any CPU.ActiveCfg = Debug|Any CPU
		{C7CD68A6-303C-4290-B261-66C2470FE2AA}.Debug|Any CPU.Build.0 = Debug|Any CPU
		{C7CD68A6-303C-4290-B261-66C2470FE2AA}.Release|Any CPU.ActiveCfg = Release|Any CPU
		{C7CD68A6-303C-4290-B261-66C2470FE2AA}.Release|Any CPU.Build.0 = Release|Any CPU
	EndGlobalSection
	GlobalSection(SolutionProperties) = preSolution
		HideSolutionNode = FALSE
	EndGlobalSection
	GlobalSection(ExtensibilityGlobals) = postSolution
		SolutionGuid = {B2271E5E-2E38-4159-B15A-38DC7308C209}
	EndGlobalSection
EndGlobal
