
Microsoft Visual Studio Solution File, Format Version 12.00
# Visual Studio Version 16
VisualStudioVersion = 16.0.34601.136
MinimumVisualStudioVersion = 10.0.40219.1
Project("{FAE04EC0-301F-11D3-BF4B-00C04F79EFBC}") = "Assignment4", "Assignment4\Assignment4.csproj", "{D001F401-3D7B-4E9F-91FB-BF12B8A6D475}"
EndProject
Project("{FAE04EC0-301F-11D3-BF4B-00C04F79EFBC}") = "Concession", "Concession\Concession.csproj", "{9C78B758-4EE3-44D0-B249-446B7317DCB3}"
EndProject
Global
	GlobalSection(SolutionConfigurationPlatforms) = preSolution
		Debug|Any CPU = Debug|Any CPU
		Release|Any CPU = Release|Any CPU
	EndGlobalSection
	GlobalSection(ProjectConfigurationPlatforms) = postSolution
		{D001F401-3D7B-4E9F-91FB-BF12B8A6D475}.Debug|Any CPU.ActiveCfg = Debug|Any CPU
		{D001F401-3D7B-4E9F-91FB-BF12B8A6D475}.Debug|Any CPU.Build.0 = Debug|Any CPU
		{D001F401-3D7B-4E9F-91FB-BF12B8A6D475}.Release|Any CPU.ActiveCfg = Release|Any CPU
		{D001F401-3D7B-4E9F-91FB-BF12B8A6D475}.Release|Any CPU.Build.0 = Release|Any CPU
		{9C78B758-4EE3-44D0-B249-446B7317DCB3}.Debug|Any CPU.ActiveCfg = Debug|Any CPU
		{9C78B758-4EE3-44D0-B249-446B7317DCB3}.Debug|Any CPU.Build.0 = Debug|Any CPU
		{9C78B758-4EE3-44D0-B249-446B7317DCB3}.Release|Any CPU.ActiveCfg = Release|Any CPU
		{9C78B758-4EE3-44D0-B249-446B7317DCB3}.Release|Any CPU.Build.0 = Release|Any CPU
	EndGlobalSection
	GlobalSection(SolutionProperties) = preSolution
		HideSolutionNode = FALSE
	EndGlobalSection
	GlobalSection(ExtensibilityGlobals) = postSolution
		SolutionGuid = {8C3C92BA-5F8C-481A-BDCB-B204BED8D4E1}
	EndGlobalSection
EndGlobal
