
Microsoft Visual Studio Solution File, Format Version 12.00
# Visual Studio Version 16
VisualStudioVersion = 16.0.34601.136
MinimumVisualStudioVersion = 10.0.40219.1
Project("{FAE04EC0-301F-11D3-BF4B-00C04F79EFBC}") = "Assessment1", "Codetest1\Assessment1.csproj", "{76EE4021-F6DD-4420-9834-1130757D1332}"
EndProject
Global
	GlobalSection(SolutionConfigurationPlatforms) = preSolution
		Debug|Any CPU = Debug|Any CPU
		Release|Any CPU = Release|Any CPU
	EndGlobalSection
	GlobalSection(ProjectConfigurationPlatforms) = postSolution
		{76EE4021-F6DD-4420-9834-1130757D1332}.Debug|Any CPU.ActiveCfg = Debug|Any CPU
		{76EE4021-F6DD-4420-9834-1130757D1332}.Debug|Any CPU.Build.0 = Debug|Any CPU
		{76EE4021-F6DD-4420-9834-1130757D1332}.Release|Any CPU.ActiveCfg = Release|Any CPU
		{76EE4021-F6DD-4420-9834-1130757D1332}.Release|Any CPU.Build.0 = Release|Any CPU
	EndGlobalSection
	GlobalSection(SolutionProperties) = preSolution
		HideSolutionNode = FALSE
	EndGlobalSection
	GlobalSection(ExtensibilityGlobals) = postSolution
		SolutionGuid = {D5FF9A6B-01C5-494B-A9AB-B4F5A68F5A45}
	EndGlobalSection
EndGlobal
