
Microsoft Visual Studio Solution File, Format Version 12.00
# Visual Studio Version 16
VisualStudioVersion = 16.0.34601.136
MinimumVisualStudioVersion = 10.0.40219.1
Project("{FAE04EC0-301F-11D3-BF4B-00C04F79EFBC}") = "Assigment01", "Assigment01\Assigment01.csproj", "{06995EF7-E7F7-4ECA-915C-0F008B8C856A}"
EndProject
Global
	GlobalSection(SolutionConfigurationPlatforms) = preSolution
		Debug|Any CPU = Debug|Any CPU
		Release|Any CPU = Release|Any CPU
	EndGlobalSection
	GlobalSection(ProjectConfigurationPlatforms) = postSolution
		{06995EF7-E7F7-4ECA-915C-0F008B8C856A}.Debug|Any CPU.ActiveCfg = Debug|Any CPU
		{06995EF7-E7F7-4ECA-915C-0F008B8C856A}.Debug|Any CPU.Build.0 = Debug|Any CPU
		{06995EF7-E7F7-4ECA-915C-0F008B8C856A}.Release|Any CPU.ActiveCfg = Release|Any CPU
		{06995EF7-E7F7-4ECA-915C-0F008B8C856A}.Release|Any CPU.Build.0 = Release|Any CPU
	EndGlobalSection
	GlobalSection(SolutionProperties) = preSolution
		HideSolutionNode = FALSE
	EndGlobalSection
	GlobalSection(ExtensibilityGlobals) = postSolution
		SolutionGuid = {52D12C41-1DC1-42B9-9C38-A3B4A0B59648}
	EndGlobalSection
EndGlobal
