
Microsoft Visual Studio Solution File, Format Version 12.00
# Visual Studio Version 16
VisualStudioVersion = 16.0.34601.136
MinimumVisualStudioVersion = 10.0.40219.1
Project("{FAE04EC0-301F-11D3-BF4B-00C04F79EFBC}") = "Assignment04", "Assignment04\Assignment04.csproj", "{D06F0B35-FDC2-4A15-8F05-3B1A8EF34710}"
EndProject
Project("{FAE04EC0-301F-11D3-BF4B-00C04F79EFBC}") = "Concession", "Concession\Concession.csproj", "{4E03DB82-B59E-4660-8C0C-F560BA9513F7}"
EndProject
Global
	GlobalSection(SolutionConfigurationPlatforms) = preSolution
		Debug|Any CPU = Debug|Any CPU
		Release|Any CPU = Release|Any CPU
	EndGlobalSection
	GlobalSection(ProjectConfigurationPlatforms) = postSolution
		{D06F0B35-FDC2-4A15-8F05-3B1A8EF34710}.Debug|Any CPU.ActiveCfg = Debug|Any CPU
		{D06F0B35-FDC2-4A15-8F05-3B1A8EF34710}.Debug|Any CPU.Build.0 = Debug|Any CPU
		{D06F0B35-FDC2-4A15-8F05-3B1A8EF34710}.Release|Any CPU.ActiveCfg = Release|Any CPU
		{D06F0B35-FDC2-4A15-8F05-3B1A8EF34710}.Release|Any CPU.Build.0 = Release|Any CPU
		{4E03DB82-B59E-4660-8C0C-F560BA9513F7}.Debug|Any CPU.ActiveCfg = Debug|Any CPU
		{4E03DB82-B59E-4660-8C0C-F560BA9513F7}.Debug|Any CPU.Build.0 = Debug|Any CPU
		{4E03DB82-B59E-4660-8C0C-F560BA9513F7}.Release|Any CPU.ActiveCfg = Release|Any CPU
		{4E03DB82-B59E-4660-8C0C-F560BA9513F7}.Release|Any CPU.Build.0 = Release|Any CPU
	EndGlobalSection
	GlobalSection(SolutionProperties) = preSolution
		HideSolutionNode = FALSE
	EndGlobalSection
	GlobalSection(ExtensibilityGlobals) = postSolution
		SolutionGuid = {EB57E4F7-5160-4907-B465-2CA9C6E2385E}
	EndGlobalSection
EndGlobal
